
Microsoft Visual Studio Solution File, Format Version 12.00
# Visual Studio Version 17
VisualStudioVersion = 17.1.32328.378
MinimumVisualStudioVersion = 10.0.40219.1
Project("{9A19103F-16F7-4668-BE54-9A1E7A4F7556}") = "Api", "Api\Api.csproj", "{06DC0978-6BF6-4876-9D9B-6DA7169C2118}"
EndProject
Project("{9A19103F-16F7-4668-BE54-9A1E7A4F7556}") = "Api.Data", "Api.Data\Api.Data.csproj", "{D3C97386-F5BB-4006-8E1F-870CFF4701E2}"
EndProject
Project("{FAE04EC0-301F-11D3-BF4B-00C04F79EFBC}") = "Tests", "Tests\Tests.csproj", "{9ECC2D2D-55EE-4030-B071-F57E85EE6245}"
EndProject
Global
	GlobalSection(SolutionConfigurationPlatforms) = preSolution
		Debug|Any CPU = Debug|Any CPU
		Release|Any CPU = Release|Any CPU
	EndGlobalSection
	GlobalSection(ProjectConfigurationPlatforms) = postSolution
		{06DC0978-6BF6-4876-9D9B-6DA7169C2118}.Debug|Any CPU.ActiveCfg = Debug|Any CPU
		{06DC0978-6BF6-4876-9D9B-6DA7169C2118}.Debug|Any CPU.Build.0 = Debug|Any CPU
		{06DC0978-6BF6-4876-9D9B-6DA7169C2118}.Release|Any CPU.ActiveCfg = Release|Any CPU
		{06DC0978-6BF6-4876-9D9B-6DA7169C2118}.Release|Any CPU.Build.0 = Release|Any CPU
		{D3C97386-F5BB-4006-8E1F-870CFF4701E2}.Debug|Any CPU.ActiveCfg = Debug|Any CPU
		{D3C97386-F5BB-4006-8E1F-870CFF4701E2}.Debug|Any CPU.Build.0 = Debug|Any CPU
		{D3C97386-F5BB-4006-8E1F-870CFF4701E2}.Release|Any CPU.ActiveCfg = Release|Any CPU
		{D3C97386-F5BB-4006-8E1F-870CFF4701E2}.Release|Any CPU.Build.0 = Release|Any CPU
		{9ECC2D2D-55EE-4030-B071-F57E85EE6245}.Debug|Any CPU.ActiveCfg = Debug|Any CPU
		{9ECC2D2D-55EE-4030-B071-F57E85EE6245}.Debug|Any CPU.Build.0 = Debug|Any CPU
		{9ECC2D2D-55EE-4030-B071-F57E85EE6245}.Release|Any CPU.ActiveCfg = Release|Any CPU
		{9ECC2D2D-55EE-4030-B071-F57E85EE6245}.Release|Any CPU.Build.0 = Release|Any CPU
	EndGlobalSection
	GlobalSection(SolutionProperties) = preSolution
		HideSolutionNode = FALSE
	EndGlobalSection
	GlobalSection(ExtensibilityGlobals) = postSolution
		SolutionGuid = {BC4495E8-7026-45A8-92BE-A53F39C40B32}
	EndGlobalSection
EndGlobal
